
Microsoft Visual Studio Solution File, Format Version 12.00
# Visual Studio Version 17
VisualStudioVersion = 17.8.34309.116
MinimumVisualStudioVersion = 10.0.40219.1
Project("{9A19103F-16F7-4668-BE54-9A1E7A4F7556}") = "OvertureAssembler", "OvertureAssembler\OvertureAssembler.csproj", "{33C36D68-0A3F-4995-8260-200CA10D5090}"
EndProject
Project("{FAE04EC0-301F-11D3-BF4B-00C04F79EFBC}") = "OvertureAssemblerTest", "OvertureAssemblerTest\OvertureAssemblerTest.csproj", "{1B055056-7EBB-4764-8273-5CFE14AF88EE}"
EndProject
Global
	GlobalSection(SolutionConfigurationPlatforms) = preSolution
		Debug|Any CPU = Debug|Any CPU
		Release|Any CPU = Release|Any CPU
	EndGlobalSection
	GlobalSection(ProjectConfigurationPlatforms) = postSolution
		{33C36D68-0A3F-4995-8260-200CA10D5090}.Debug|Any CPU.ActiveCfg = Debug|Any CPU
		{33C36D68-0A3F-4995-8260-200CA10D5090}.Debug|Any CPU.Build.0 = Debug|Any CPU
		{33C36D68-0A3F-4995-8260-200CA10D5090}.Release|Any CPU.ActiveCfg = Release|Any CPU
		{33C36D68-0A3F-4995-8260-200CA10D5090}.Release|Any CPU.Build.0 = Release|Any CPU
		{1B055056-7EBB-4764-8273-5CFE14AF88EE}.Debug|Any CPU.ActiveCfg = Debug|Any CPU
		{1B055056-7EBB-4764-8273-5CFE14AF88EE}.Debug|Any CPU.Build.0 = Debug|Any CPU
		{1B055056-7EBB-4764-8273-5CFE14AF88EE}.Release|Any CPU.ActiveCfg = Release|Any CPU
		{1B055056-7EBB-4764-8273-5CFE14AF88EE}.Release|Any CPU.Build.0 = Release|Any CPU
	EndGlobalSection
	GlobalSection(SolutionProperties) = preSolution
		HideSolutionNode = FALSE
	EndGlobalSection
	GlobalSection(ExtensibilityGlobals) = postSolution
		SolutionGuid = {B3B54AB4-1FC7-4078-ADE9-02EEB7165ABF}
	EndGlobalSection
EndGlobal
